
Microsoft Visual Studio Solution File, Format Version 12.00
# Visual Studio Version 16
VisualStudioVersion = 16.0.29306.81
MinimumVisualStudioVersion = 10.0.40219.1
Project("{FAE04EC0-301F-11D3-BF4B-00C04F79EFBC}") = "Diplom", "Diplom.csproj", "{4A1AE789-7369-42E9-8DDB-7B445068A0AA}"
EndProject
Global
	GlobalSection(SolutionConfigurationPlatforms) = preSolution
		Debug|Any CPU = Debug|Any CPU
		Release|Any CPU = Release|Any CPU
	EndGlobalSection
	GlobalSection(ProjectConfigurationPlatforms) = postSolution
		{4A1AE789-7369-42E9-8DDB-7B445068A0AA}.Debug|Any CPU.ActiveCfg = Debug|Any CPU
		{4A1AE789-7369-42E9-8DDB-7B445068A0AA}.Debug|Any CPU.Build.0 = Debug|Any CPU
		{4A1AE789-7369-42E9-8DDB-7B445068A0AA}.Release|Any CPU.ActiveCfg = Release|Any CPU
		{4A1AE789-7369-42E9-8DDB-7B445068A0AA}.Release|Any CPU.Build.0 = Release|Any CPU
	EndGlobalSection
	GlobalSection(SolutionProperties) = preSolution
		HideSolutionNode = FALSE
	EndGlobalSection
	GlobalSection(ExtensibilityGlobals) = postSolution
		SolutionGuid = {E459E9F1-B269-4395-ABAD-8C5D1AAAE988}
	EndGlobalSection
EndGlobal
